
Microsoft Visual Studio Solution File, Format Version 12.00
# Visual Studio Version 17
VisualStudioVersion = 17.7.34003.232
MinimumVisualStudioVersion = 10.0.40219.1
Project("{FAE04EC0-301F-11D3-BF4B-00C04F79EFBC}") = "Multiple", "Multiple.csproj", "{2E9CE6E3-2803-4FA4-92F6-12C3F11A269D}"
EndProject
Global
	GlobalSection(SolutionConfigurationPlatforms) = preSolution
		Debug|Any CPU = Debug|Any CPU
		Release|Any CPU = Release|Any CPU
	EndGlobalSection
	GlobalSection(ProjectConfigurationPlatforms) = postSolution
		{2E9CE6E3-2803-4FA4-92F6-12C3F11A269D}.Debug|Any CPU.ActiveCfg = Debug|Any CPU
		{2E9CE6E3-2803-4FA4-92F6-12C3F11A269D}.Debug|Any CPU.Build.0 = Debug|Any CPU
		{2E9CE6E3-2803-4FA4-92F6-12C3F11A269D}.Release|Any CPU.ActiveCfg = Release|Any CPU
		{2E9CE6E3-2803-4FA4-92F6-12C3F11A269D}.Release|Any CPU.Build.0 = Release|Any CPU
	EndGlobalSection
	GlobalSection(SolutionProperties) = preSolution
		HideSolutionNode = FALSE
	EndGlobalSection
	GlobalSection(ExtensibilityGlobals) = postSolution
		SolutionGuid = {29B9C16E-BC59-438F-B801-86EEEB21D8DE}
	EndGlobalSection
EndGlobal
